
Microsoft Visual Studio Solution File, Format Version 12.00
# Visual Studio Version 17
VisualStudioVersion = 17.10.34928.147
MinimumVisualStudioVersion = 10.0.40219.1
Project("{9A19103F-16F7-4668-BE54-9A1E7A4F7556}") = "SpotifyDashboard.Server", "SpotifyDashboard.Server\SpotifyDashboard.Server.csproj", "{A5B8DAD4-91F5-43F3-8877-F89B845C9DB4}"
EndProject
Project("{9A19103F-16F7-4668-BE54-9A1E7A4F7556}") = "SpotifyDashboard.Test", "SpotifyDashboard.Test\SpotifyDashboard.Test.csproj", "{BC2AC54C-CD40-4A12-B100-C9A60F216562}"
EndProject
Project("{54A90642-561A-4BB1-A94E-469ADEE60C69}") = "SpotifyDashboard.Web", "SpotifyDashboard.Web\SpotifyDashboard.Web.esproj", "{F35A6AD2-459F-483D-9324-81D2A5741232}"
EndProject
Global
	GlobalSection(SolutionConfigurationPlatforms) = preSolution
		Debug|Any CPU = Debug|Any CPU
		Release|Any CPU = Release|Any CPU
	EndGlobalSection
	GlobalSection(ProjectConfigurationPlatforms) = postSolution
		{A5B8DAD4-91F5-43F3-8877-F89B845C9DB4}.Debug|Any CPU.ActiveCfg = Debug|Any CPU
		{A5B8DAD4-91F5-43F3-8877-F89B845C9DB4}.Debug|Any CPU.Build.0 = Debug|Any CPU
		{A5B8DAD4-91F5-43F3-8877-F89B845C9DB4}.Release|Any CPU.ActiveCfg = Release|Any CPU
		{A5B8DAD4-91F5-43F3-8877-F89B845C9DB4}.Release|Any CPU.Build.0 = Release|Any CPU
		{BC2AC54C-CD40-4A12-B100-C9A60F216562}.Debug|Any CPU.ActiveCfg = Debug|Any CPU
		{BC2AC54C-CD40-4A12-B100-C9A60F216562}.Debug|Any CPU.Build.0 = Debug|Any CPU
		{BC2AC54C-CD40-4A12-B100-C9A60F216562}.Release|Any CPU.ActiveCfg = Release|Any CPU
		{BC2AC54C-CD40-4A12-B100-C9A60F216562}.Release|Any CPU.Build.0 = Release|Any CPU
		{F35A6AD2-459F-483D-9324-81D2A5741232}.Debug|Any CPU.ActiveCfg = Debug|Any CPU
		{F35A6AD2-459F-483D-9324-81D2A5741232}.Debug|Any CPU.Build.0 = Debug|Any CPU
		{F35A6AD2-459F-483D-9324-81D2A5741232}.Debug|Any CPU.Deploy.0 = Debug|Any CPU
		{F35A6AD2-459F-483D-9324-81D2A5741232}.Release|Any CPU.ActiveCfg = Release|Any CPU
		{F35A6AD2-459F-483D-9324-81D2A5741232}.Release|Any CPU.Build.0 = Release|Any CPU
		{F35A6AD2-459F-483D-9324-81D2A5741232}.Release|Any CPU.Deploy.0 = Release|Any CPU
	EndGlobalSection
	GlobalSection(SolutionProperties) = preSolution
		HideSolutionNode = FALSE
	EndGlobalSection
	GlobalSection(ExtensibilityGlobals) = postSolution
		SolutionGuid = {80792AB7-6BA4-4E5D-90BA-8276BAB18B63}
	EndGlobalSection
EndGlobal
